
Microsoft Visual Studio Solution File, Format Version 12.00
# Visual Studio Version 17
VisualStudioVersion = 17.11.35327.3
MinimumVisualStudioVersion = 10.0.40219.1
Project("{FAE04EC0-301F-11D3-BF4B-00C04F79EFBC}") = "LibraryAPI", "LibraryAPI.csproj", "{3EF236A7-F0AA-478D-913F-3532F9A09EA5}"
EndProject
Global
	GlobalSection(SolutionConfigurationPlatforms) = preSolution
		Debug|Any CPU = Debug|Any CPU
		Release|Any CPU = Release|Any CPU
	EndGlobalSection
	GlobalSection(ProjectConfigurationPlatforms) = postSolution
		{3EF236A7-F0AA-478D-913F-3532F9A09EA5}.Debug|Any CPU.ActiveCfg = Debug|Any CPU
		{3EF236A7-F0AA-478D-913F-3532F9A09EA5}.Debug|Any CPU.Build.0 = Debug|Any CPU
		{3EF236A7-F0AA-478D-913F-3532F9A09EA5}.Release|Any CPU.ActiveCfg = Release|Any CPU
		{3EF236A7-F0AA-478D-913F-3532F9A09EA5}.Release|Any CPU.Build.0 = Release|Any CPU
	EndGlobalSection
	GlobalSection(SolutionProperties) = preSolution
		HideSolutionNode = FALSE
	EndGlobalSection
	GlobalSection(ExtensibilityGlobals) = postSolution
		SolutionGuid = {FA9800E4-EB0D-4821-9938-362452BBAC0F}
	EndGlobalSection
EndGlobal
